
Microsoft Visual Studio Solution File, Format Version 12.00
# Visual Studio Version 17
VisualStudioVersion = 17.14.36121.58 d17.14
MinimumVisualStudioVersion = 10.0.40219.1
Project("{FAE04EC0-301F-11D3-BF4B-00C04F79EFBC}") = "RedisSamples.Web", "RedisSamplesWeb\RedisSamples.Web.csproj", "{A5E0D2AF-B283-4BEC-9057-5D83482C827F}"
EndProject
Project("{FAE04EC0-301F-11D3-BF4B-00C04F79EFBC}") = "RedisSamples.Application", "RedisSamplesApplication\RedisSamples.Application.csproj", "{0F5517BB-CC61-49AE-92CC-B9DC4101ACF0}"
EndProject
Project("{FAE04EC0-301F-11D3-BF4B-00C04F79EFBC}") = "RedisSamples.Cache", "RedisSamples.Cache\RedisSamples.Cache.csproj", "{2F01C21B-1BCB-40BD-95F9-17BF8FD10FA8}"
EndProject
Global
	GlobalSection(SolutionConfigurationPlatforms) = preSolution
		Debug|Any CPU = Debug|Any CPU
		Release|Any CPU = Release|Any CPU
	EndGlobalSection
	GlobalSection(ProjectConfigurationPlatforms) = postSolution
		{A5E0D2AF-B283-4BEC-9057-5D83482C827F}.Debug|Any CPU.ActiveCfg = Debug|Any CPU
		{A5E0D2AF-B283-4BEC-9057-5D83482C827F}.Debug|Any CPU.Build.0 = Debug|Any CPU
		{A5E0D2AF-B283-4BEC-9057-5D83482C827F}.Release|Any CPU.ActiveCfg = Release|Any CPU
		{A5E0D2AF-B283-4BEC-9057-5D83482C827F}.Release|Any CPU.Build.0 = Release|Any CPU
		{0F5517BB-CC61-49AE-92CC-B9DC4101ACF0}.Debug|Any CPU.ActiveCfg = Debug|Any CPU
		{0F5517BB-CC61-49AE-92CC-B9DC4101ACF0}.Debug|Any CPU.Build.0 = Debug|Any CPU
		{0F5517BB-CC61-49AE-92CC-B9DC4101ACF0}.Release|Any CPU.ActiveCfg = Release|Any CPU
		{0F5517BB-CC61-49AE-92CC-B9DC4101ACF0}.Release|Any CPU.Build.0 = Release|Any CPU
		{2F01C21B-1BCB-40BD-95F9-17BF8FD10FA8}.Debug|Any CPU.ActiveCfg = Debug|Any CPU
		{2F01C21B-1BCB-40BD-95F9-17BF8FD10FA8}.Debug|Any CPU.Build.0 = Debug|Any CPU
		{2F01C21B-1BCB-40BD-95F9-17BF8FD10FA8}.Release|Any CPU.ActiveCfg = Release|Any CPU
		{2F01C21B-1BCB-40BD-95F9-17BF8FD10FA8}.Release|Any CPU.Build.0 = Release|Any CPU
	EndGlobalSection
	GlobalSection(SolutionProperties) = preSolution
		HideSolutionNode = FALSE
	EndGlobalSection
	GlobalSection(ExtensibilityGlobals) = postSolution
		SolutionGuid = {801432EA-9FAA-4B7B-9DEB-48BB8FD083AD}
	EndGlobalSection
EndGlobal
